// !$*UTF8*$!
{
	archiveVersion = 1;
	classes = {
	};
	objectVersion = 77;
	objects = {

/* Begin PBXContainerItemProxy section */
		00DA73C72D0EC02A0060743C /* PBXContainerItemProxy */ = {
			isa = PBXContainerItemProxy;
			containerPortal = 00DA73A82D0EC0280060743C /* Project object */;
			proxyType = 1;
			remoteGlobalIDString = 00DA73AF2D0EC0280060743C;
			remoteInfo = "Emoji Dictionary";
		};
		00DA73D12D0EC02A0060743C /* PBXContainerItemProxy */ = {
			isa = PBXContainerItemProxy;
			containerPortal = 00DA73A82D0EC0280060743C /* Project object */;
			proxyType = 1;
			remoteGlobalIDString = 00DA73AF2D0EC0280060743C;
			remoteInfo = "Emoji Dictionary";
		};
/* End PBXContainerItemProxy section */

/* Begin PBXFileReference section */
		00DA73B02D0EC0280060743C /* Emoji Dictionary.app */ = {isa = PBXFileReference; explicitFileType = wrapper.application; includeInIndex = 0; path = "Emoji Dictionary.app"; sourceTree = BUILT_PRODUCTS_DIR; };
		00DA73C62D0EC02A0060743C /* Emoji DictionaryTests.xctest */ = {isa = PBXFileReference; explicitFileType = wrapper.cfbundle; includeInIndex = 0; path = "Emoji DictionaryTests.xctest"; sourceTree = BUILT_PRODUCTS_DIR; };
		00DA73D02D0EC02A0060743C /* Emoji DictionaryUITests.xctest */ = {isa = PBXFileReference; explicitFileType = wrapper.cfbundle; includeInIndex = 0; path = "Emoji DictionaryUITests.xctest"; sourceTree = BUILT_PRODUCTS_DIR; };
/* End PBXFileReference section */

/* Begin PBXFileSystemSynchronizedBuildFileExceptionSet section */
		00DA73D82D0EC02A0060743C /* Exceptions for "Emoji Dictionary" folder in "Emoji Dictionary" target */ = {
			isa = PBXFileSystemSynchronizedBuildFileExceptionSet;
			membershipExceptions = (
				Info.plist,
			);
			target = 00DA73AF2D0EC0280060743C /* Emoji Dictionary */;
		};
/* End PBXFileSystemSynchronizedBuildFileExceptionSet section */

/* Begin PBXFileSystemSynchronizedRootGroup section */
		00DA73B22D0EC0280060743C /* Emoji Dictionary */ = {
			isa = PBXFileSystemSynchronizedRootGroup;
			exceptions = (
				00DA73D82D0EC02A0060743C /* Exceptions for "Emoji Dictionary" folder in "Emoji Dictionary" target */,
			);
			path = "Emoji Dictionary";
			sourceTree = "<group>";
		};
		00DA73C92D0EC02A0060743C /* Emoji DictionaryTests */ = {
			isa = PBXFileSystemSynchronizedRootGroup;
			path = "Emoji DictionaryTests";
			sourceTree = "<group>";
		};
		00DA73D32D0EC02A0060743C /* Emoji DictionaryUITests */ = {
			isa = PBXFileSystemSynchronizedRootGroup;
			path = "Emoji DictionaryUITests";
			sourceTree = "<group>";
		};
/* End PBXFileSystemSynchronizedRootGroup section */

/* Begin PBXFrameworksBuildPhase section */
		00DA73AD2D0EC0280060743C /* Frameworks */ = {
			isa = PBXFrameworksBuildPhase;
			buildActionMask = 2147483647;
			files = (
			);
			runOnlyForDeploymentPostprocessing = 0;
		};
		00DA73C32D0EC02A0060743C /* Frameworks */ = {
			isa = PBXFrameworksBuildPhase;
			buildActionMask = 2147483647;
			files = (
			);
			runOnlyForDeploymentPostprocessing = 0;
		};
		00DA73CD2D0EC02A0060743C /* Frameworks */ = {
			isa = PBXFrameworksBuildPhase;
			buildActionMask = 2147483647;
			files = (
			);
			runOnlyForDeploymentPostprocessing = 0;
		};
/* End PBXFrameworksBuildPhase section */

/* Begin PBXGroup section */
		00DA73A72D0EC0280060743C = {
			isa = PBXGroup;
			children = (
				00DA73B22D0EC0280060743C /* Emoji Dictionary */,
				00DA73C92D0EC02A0060743C /* Emoji DictionaryTests */,
				00DA73D32D0EC02A0060743C /* Emoji DictionaryUITests */,
				00DA73B12D0EC0280060743C /* Products */,
			);
			sourceTree = "<group>";
		};
		00DA73B12D0EC0280060743C /* Products */ = {
			isa = PBXGroup;
			children = (
				00DA73B02D0EC0280060743C /* Emoji Dictionary.app */,
				00DA73C62D0EC02A0060743C /* Emoji DictionaryTests.xctest */,
				00DA73D02D0EC02A0060743C /* Emoji DictionaryUITests.xctest */,
			);
			name = Products;
			sourceTree = "<group>";
		};
/* End PBXGroup section */

/* Begin PBXNativeTarget section */
		00DA73AF2D0EC0280060743C /* Emoji Dictionary */ = {
			isa = PBXNativeTarget;
			buildConfigurationList = 00DA73D92D0EC02A0060743C /* Build configuration list for PBXNativeTarget "Emoji Dictionary" */;
			buildPhases = (
				00DA73AC2D0EC0280060743C /* Sources */,
				00DA73AD2D0EC0280060743C /* Frameworks */,
				00DA73AE2D0EC0280060743C /* Resources */,
			);
			buildRules = (
			);
			dependencies = (
			);
			fileSystemSynchronizedGroups = (
				00DA73B22D0EC0280060743C /* Emoji Dictionary */,
			);
			name = "Emoji Dictionary";
			packageProductDependencies = (
			);
			productName = "Emoji Dictionary";
			productReference = 00DA73B02D0EC0280060743C /* Emoji Dictionary.app */;
			productType = "com.apple.product-type.application";
		};
		00DA73C52D0EC02A0060743C /* Emoji DictionaryTests */ = {
			isa = PBXNativeTarget;
			buildConfigurationList = 00DA73DE2D0EC02A0060743C /* Build configuration list for PBXNativeTarget "Emoji DictionaryTests" */;
			buildPhases = (
				00DA73C22D0EC02A0060743C /* Sources */,
				00DA73C32D0EC02A0060743C /* Frameworks */,
				00DA73C42D0EC02A0060743C /* Resources */,
			);
			buildRules = (
			);
			dependencies = (
				00DA73C82D0EC02A0060743C /* PBXTargetDependency */,
			);
			fileSystemSynchronizedGroups = (
				00DA73C92D0EC02A0060743C /* Emoji DictionaryTests */,
			);
			name = "Emoji DictionaryTests";
			packageProductDependencies = (
			);
			productName = "Emoji DictionaryTests";
			productReference = 00DA73C62D0EC02A0060743C /* Emoji DictionaryTests.xctest */;
			productType = "com.apple.product-type.bundle.unit-test";
		};
		00DA73CF2D0EC02A0060743C /* Emoji DictionaryUITests */ = {
			isa = PBXNativeTarget;
			buildConfigurationList = 00DA73E12D0EC02A0060743C /* Build configuration list for PBXNativeTarget "Emoji DictionaryUITests" */;
			buildPhases = (
				00DA73CC2D0EC02A0060743C /* Sources */,
				00DA73CD2D0EC02A0060743C /* Frameworks */,
				00DA73CE2D0EC02A0060743C /* Resources */,
			);
			buildRules = (
			);
			dependencies = (
				00DA73D22D0EC02A0060743C /* PBXTargetDependency */,
			);
			fileSystemSynchronizedGroups = (
				00DA73D32D0EC02A0060743C /* Emoji DictionaryUITests */,
			);
			name = "Emoji DictionaryUITests";
			packageProductDependencies = (
			);
			productName = "Emoji DictionaryUITests";
			productReference = 00DA73D02D0EC02A0060743C /* Emoji DictionaryUITests.xctest */;
			productType = "com.apple.product-type.bundle.ui-testing";
		};
/* End PBXNativeTarget section */

/* Begin PBXProject section */
		00DA73A82D0EC0280060743C /* Project object */ = {
			isa = PBXProject;
			attributes = {
				BuildIndependentTargetsInParallel = 1;
				LastSwiftUpdateCheck = 1610;
				LastUpgradeCheck = 1610;
				TargetAttributes = {
					00DA73AF2D0EC0280060743C = {
						CreatedOnToolsVersion = 16.1;
					};
					00DA73C52D0EC02A0060743C = {
						CreatedOnToolsVersion = 16.1;
						TestTargetID = 00DA73AF2D0EC0280060743C;
					};
					00DA73CF2D0EC02A0060743C = {
						CreatedOnToolsVersion = 16.1;
						TestTargetID = 00DA73AF2D0EC0280060743C;
					};
				};
			};
			buildConfigurationList = 00DA73AB2D0EC0280060743C /* Build configuration list for PBXProject "Emoji Dictionary" */;
			developmentRegion = en;
			hasScannedForEncodings = 0;
			knownRegions = (
				en,
				Base,
			);
			mainGroup = 00DA73A72D0EC0280060743C;
			minimizedProjectReferenceProxies = 1;
			preferredProjectObjectVersion = 77;
			productRefGroup = 00DA73B12D0EC0280060743C /* Products */;
			projectDirPath = "";
			projectRoot = "";
			targets = (
				00DA73AF2D0EC0280060743C /* Emoji Dictionary */,
				00DA73C52D0EC02A0060743C /* Emoji DictionaryTests */,
				00DA73CF2D0EC02A0060743C /* Emoji DictionaryUITests */,
			);
		};
/* End PBXProject section */

/* Begin PBXResourcesBuildPhase section */
		00DA73AE2D0EC0280060743C /* Resources */ = {
			isa = PBXResourcesBuildPhase;
			buildActionMask = 2147483647;
			files = (
			);
			runOnlyForDeploymentPostprocessing = 0;
		};
		00DA73C42D0EC02A0060743C /* Resources */ = {
			isa = PBXResourcesBuildPhase;
			buildActionMask = 2147483647;
			files = (
			);
			runOnlyForDeploymentPostprocessing = 0;
		};
		00DA73CE2D0EC02A0060743C /* Resources */ = {
			isa = PBXResourcesBuildPhase;
			buildActionMask = 2147483647;
			files = (
			);
			runOnlyForDeploymentPostprocessing = 0;
		};
/* End PBXResourcesBuildPhase section */

/* Begin PBXSourcesBuildPhase section */
		00DA73AC2D0EC0280060743C /* Sources */ = {
			isa = PBXSourcesBuildPhase;
			buildActionMask = 2147483647;
			files = (
			);
			runOnlyForDeploymentPostprocessing = 0;
		};
		00DA73C22D0EC02A0060743C /* Sources */ = {
			isa = PBXSourcesBuildPhase;
			buildActionMask = 2147483647;
			files = (
			);
			runOnlyForDeploymentPostprocessing = 0;
		};
		00DA73CC2D0EC02A0060743C /* Sources */ = {
			isa = PBXSourcesBuildPhase;
			buildActionMask = 2147483647;
			files = (
			);
			runOnlyForDeploymentPostprocessing = 0;
		};
/* End PBXSourcesBuildPhase section */

/* Begin PBXTargetDependency section */
		00DA73C82D0EC02A0060743C /* PBXTargetDependency */ = {
			isa = PBXTargetDependency;
			target = 00DA73AF2D0EC0280060743C /* Emoji Dictionary */;
			targetProxy = 00DA73C72D0EC02A0060743C /* PBXContainerItemProxy */;
		};
		00DA73D22D0EC02A0060743C /* PBXTargetDependency */ = {
			isa = PBXTargetDependency;
			target = 00DA73AF2D0EC0280060743C /* Emoji Dictionary */;
			targetProxy = 00DA73D12D0EC02A0060743C /* PBXContainerItemProxy */;
		};
/* End PBXTargetDependency section */

/* Begin XCBuildConfiguration section */
		00DA73DA2D0EC02A0060743C /* Debug */ = {
			isa = XCBuildConfiguration;
			buildSettings = {
				ASSETCATALOG_COMPILER_APPICON_NAME = AppIcon;
				ASSETCATALOG_COMPILER_GLOBAL_ACCENT_COLOR_NAME = AccentColor;
				CODE_SIGN_STYLE = Automatic;
				CURRENT_PROJECT_VERSION = 1;
				GENERATE_INFOPLIST_FILE = YES;
				INFOPLIST_FILE = "Emoji Dictionary/Info.plist";
				INFOPLIST_KEY_UIApplicationSupportsIndirectInputEvents = YES;
				INFOPLIST_KEY_UILaunchStoryboardName = LaunchScreen;
				INFOPLIST_KEY_UIMainStoryboardFile = Main;
				INFOPLIST_KEY_UISupportedInterfaceOrientations_iPad = "UIInterfaceOrientationPortrait UIInterfaceOrientationPortraitUpsideDown UIInterfaceOrientationLandscapeLeft UIInterfaceOrientationLandscapeRight";
				INFOPLIST_KEY_UISupportedInterfaceOrientations_iPhone = "UIInterfaceOrientationPortrait UIInterfaceOrientationLandscapeLeft UIInterfaceOrientationLandscapeRight";
				LD_RUNPATH_SEARCH_PATHS = (
					"$(inherited)",
					"@executable_path/Frameworks",
				);
				MARKETING_VERSION = 1.0;
				PRODUCT_BUNDLE_IDENTIFIER = "abuzar.Emoji-Dictionary";
				PRODUCT_NAME = "$(TARGET_NAME)";
				SWIFT_EMIT_LOC_STRINGS = YES;
				SWIFT_VERSION = 5.0;
				TARGETED_DEVICE_FAMILY = "1,2";
			};
			name = Debug;
		};
		00DA73DB2D0EC02A0060743C /* Release */ = {
			isa = XCBuildConfiguration;
			buildSettings = {
				ASSETCATALOG_COMPILER_APPICON_NAME = AppIcon;
				ASSETCATALOG_COMPILER_GLOBAL_ACCENT_COLOR_NAME = AccentColor;
				CODE_SIGN_STYLE = Automatic;
				CURRENT_PROJECT_VERSION = 1;
				GENERATE_INFOPLIST_FILE = YES;
				INFOPLIST_FILE = "Emoji Dictionary/Info.plist";
				INFOPLIST_KEY_UIApplicationSupportsIndirectInputEvents = YES;
				INFOPLIST_KEY_UILaunchStoryboardName = LaunchScreen;
				INFOPLIST_KEY_UIMainStoryboardFile = Main;
				INFOPLIST_KEY_UISupportedInterfaceOrientations_iPad = "UIInterfaceOrientationPortrait UIInterfaceOrientationPortraitUpsideDown UIInterfaceOrientationLandscapeLeft UIInterfaceOrientationLandscapeRight";
				INFOPLIST_KEY_UISupportedInterfaceOrientations_iPhone = "UIInterfaceOrientationPortrait UIInterfaceOrientationLandscapeLeft UIInterfaceOrientationLandscapeRight";
				LD_RUNPATH_SEARCH_PATHS = (
					"$(inherited)",
					"@executable_path/Frameworks",
				);
				MARKETING_VERSION = 1.0;
				PRODUCT_BUNDLE_IDENTIFIER = "abuzar.Emoji-Dictionary";
				PRODUCT_NAME = "$(TARGET_NAME)";
				SWIFT_EMIT_LOC_STRINGS = YES;
				SWIFT_VERSION = 5.0;
				TARGETED_DEVICE_FAMILY = "1,2";
			};
			name = Release;
		};
		00DA73DC2D0EC02A0060743C /* Debug */ = {
			isa = XCBuildConfiguration;
			buildSettings = {
				ALWAYS_SEARCH_USER_PATHS = NO;
				ASSETCATALOG_COMPILER_GENERATE_SWIFT_ASSET_SYMBOL_EXTENSIONS = YES;
				CLANG_ANALYZER_NONNULL = YES;
				CLANG_ANALYZER_NUMBER_OBJECT_CONVERSION = YES_AGGRESSIVE;
				CLANG_CXX_LANGUAGE_STANDARD = "gnu++20";
				CLANG_ENABLE_MODULES = YES;
				CLANG_ENABLE_OBJC_ARC = YES;
				CLANG_ENABLE_OBJC_WEAK = YES;
				CLANG_WARN_BLOCK_CAPTURE_AUTORELEASING = YES;
				CLANG_WARN_BOOL_CONVERSION = YES;
				CLANG_WARN_COMMA = YES;
				CLANG_WARN_CONSTANT_CONVERSION = YES;
				CLANG_WARN_DEPRECATED_OBJC_IMPLEMENTATIONS = YES;
				CLANG_WARN_DIRECT_OBJC_ISA_USAGE = YES_ERROR;
				CLANG_WARN_DOCUMENTATION_COMMENTS = YES;
				CLANG_WARN_EMPTY_BODY = YES;
				CLANG_WARN_ENUM_CONVERSION = YES;
				CLANG_WARN_INFINITE_RECURSION = YES;
				CLANG_WARN_INT_CONVERSION = YES;
				CLANG_WARN_NON_LITERAL_NULL_CONVERSION = YES;
				CLANG_WARN_OBJC_IMPLICIT_RETAIN_SELF = YES;
				CLANG_WARN_OBJC_LITERAL_CONVERSION = YES;
				CLANG_WARN_OBJC_ROOT_CLASS = YES_ERROR;
				CLANG_WARN_QUOTED_INCLUDE_IN_FRAMEWORK_HEADER = YES;
				CLANG_WARN_RANGE_LOOP_ANALYSIS = YES;
				CLANG_WARN_STRICT_PROTOTYPES = YES;
				CLANG_WARN_SUSPICIOUS_MOVE = YES;
				CLANG_WARN_UNGUARDED_AVAILABILITY = YES_AGGRESSIVE;
				CLANG_WARN_UNREACHABLE_CODE = YES;
				CLANG_WARN__DUPLICATE_METHOD_MATCH = YES;
				COPY_PHASE_STRIP = NO;
				DEBUG_INFORMATION_FORMAT = dwarf;
				ENABLE_STRICT_OBJC_MSGSEND = YES;
				ENABLE_TESTABILITY = YES;
				ENABLE_USER_SCRIPT_SANDBOXING = YES;
				GCC_C_LANGUAGE_STANDARD = gnu17;
				GCC_DYNAMIC_NO_PIC = NO;
				GCC_NO_COMMON_BLOCKS = YES;
				GCC_OPTIMIZATION_LEVEL = 0;
				GCC_PREPROCESSOR_DEFINITIONS = (
					"DEBUG=1",
					"$(inherited)",
				);
				GCC_WARN_64_TO_32_BIT_CONVERSION = YES;
				GCC_WARN_ABOUT_RETURN_TYPE = YES_ERROR;
				GCC_WARN_UNDECLARED_SELECTOR = YES;
				GCC_WARN_UNINITIALIZED_AUTOS = YES_AGGRESSIVE;
				GCC_WARN_UNUSED_FUNCTION = YES;
				GCC_WARN_UNUSED_VARIABLE = YES;
				IPHONEOS_DEPLOYMENT_TARGET = 18.1;
				LOCALIZATION_PREFERS_STRING_CATALOGS = YES;
				MTL_ENABLE_DEBUG_INFO = INCLUDE_SOURCE;
				MTL_FAST_MATH = YES;
				ONLY_ACTIVE_ARCH = YES;
				SDKROOT = iphoneos;
				SWIFT_ACTIVE_COMPILATION_CONDITIONS = "DEBUG $(inherited)";
				SWIFT_OPTIMIZATION_LEVEL = "-Onone";
			};
			name = Debug;
		};
		00DA73DD2D0EC02A0060743C /* Release */ = {
			isa = XCBuildConfiguration;
			buildSettings = {
				ALWAYS_SEARCH_USER_PATHS = NO;
				ASSETCATALOG_COMPILER_GENERATE_SWIFT_ASSET_SYMBOL_EXTENSIONS = YES;
				CLANG_ANALYZER_NONNULL = YES;
				CLANG_ANALYZER_NUMBER_OBJECT_CONVERSION = YES_AGGRESSIVE;
				CLANG_CXX_LANGUAGE_STANDARD = "gnu++20";
				CLANG_ENABLE_MODULES = YES;
				CLANG_ENABLE_OBJC_ARC = YES;
				CLANG_ENABLE_OBJC_WEAK = YES;
				CLANG_WARN_BLOCK_CAPTURE_AUTORELEASING = YES;
				CLANG_WARN_BOOL_CONVERSION = YES;
				CLANG_WARN_COMMA = YES;
				CLANG_WARN_CONSTANT_CONVERSION = YES;
				CLANG_WARN_DEPRECATED_OBJC_IMPLEMENTATIONS = YES;
				CLANG_WARN_DIRECT_OBJC_ISA_USAGE = YES_ERROR;
				CLANG_WARN_DOCUMENTATION_COMMENTS = YES;
				CLANG_WARN_EMPTY_BODY = YES;
				CLANG_WARN_ENUM_CONVERSION = YES;
				CLANG_WARN_INFINITE_RECURSION = YES;
				CLANG_WARN_INT_CONVERSION = YES;
				CLANG_WARN_NON_LITERAL_NULL_CONVERSION = YES;
				CLANG_WARN_OBJC_IMPLICIT_RETAIN_SELF = YES;
				CLANG_WARN_OBJC_LITERAL_CONVERSION = YES;
				CLANG_WARN_OBJC_ROOT_CLASS = YES_ERROR;
				CLANG_WARN_QUOTED_INCLUDE_IN_FRAMEWORK_HEADER = YES;
				CLANG_WARN_RANGE_LOOP_ANALYSIS = YES;
				CLANG_WARN_STRICT_PROTOTYPES = YES;
				CLANG_WARN_SUSPICIOUS_MOVE = YES;
				CLANG_WARN_UNGUARDED_AVAILABILITY = YES_AGGRESSIVE;
				CLANG_WARN_UNREACHABLE_CODE = YES;
				CLANG_WARN__DUPLICATE_METHOD_MATCH = YES;
				COPY_PHASE_STRIP = NO;
				DEBUG_INFORMATION_FORMAT = "dwarf-with-dsym";
				ENABLE_NS_ASSERTIONS = NO;
				ENABLE_STRICT_OBJC_MSGSEND = YES;
				ENABLE_USER_SCRIPT_SANDBOXING = YES;
				GCC_C_LANGUAGE_STANDARD = gnu17;
				GCC_NO_COMMON_BLOCKS = YES;
				GCC_WARN_64_TO_32_BIT_CONVERSION = YES;
				GCC_WARN_ABOUT_RETURN_TYPE = YES_ERROR;
				GCC_WARN_UNDECLARED_SELECTOR = YES;
				GCC_WARN_UNINITIALIZED_AUTOS = YES_AGGRESSIVE;
				GCC_WARN_UNUSED_FUNCTION = YES;
				GCC_WARN_UNUSED_VARIABLE = YES;
				IPHONEOS_DEPLOYMENT_TARGET = 18.1;
				LOCALIZATION_PREFERS_STRING_CATALOGS = YES;
				MTL_ENABLE_DEBUG_INFO = NO;
				MTL_FAST_MATH = YES;
				SDKROOT = iphoneos;
				SWIFT_COMPILATION_MODE = wholemodule;
				VALIDATE_PRODUCT = YES;
			};
			name = Release;
		};
		00DA73DF2D0EC02A0060743C /* Debug */ = {
			isa = XCBuildConfiguration;
			buildSettings = {
				BUNDLE_LOADER = "$(TEST_HOST)";
				CODE_SIGN_STYLE = Automatic;
				CURRENT_PROJECT_VERSION = 1;
				GENERATE_INFOPLIST_FILE = YES;
				IPHONEOS_DEPLOYMENT_TARGET = 18.1;
				MARKETING_VERSION = 1.0;
				PRODUCT_BUNDLE_IDENTIFIER = "abuzar.Emoji-DictionaryTests";
				PRODUCT_NAME = "$(TARGET_NAME)";
				SWIFT_EMIT_LOC_STRINGS = NO;
				SWIFT_VERSION = 5.0;
				TARGETED_DEVICE_FAMILY = "1,2";
				TEST_HOST = "$(BUILT_PRODUCTS_DIR)/Emoji Dictionary.app/$(BUNDLE_EXECUTABLE_FOLDER_PATH)/Emoji Dictionary";
			};
			name = Debug;
		};
		00DA73E02D0EC02A0060743C /* Release */ = {
			isa = XCBuildConfiguration;
			buildSettings = {
				BUNDLE_LOADER = "$(TEST_HOST)";
				CODE_SIGN_STYLE = Automatic;
				CURRENT_PROJECT_VERSION = 1;
				GENERATE_INFOPLIST_FILE = YES;
				IPHONEOS_DEPLOYMENT_TARGET = 18.1;
				MARKETING_VERSION = 1.0;
				PRODUCT_BUNDLE_IDENTIFIER = "abuzar.Emoji-DictionaryTests";
				PRODUCT_NAME = "$(TARGET_NAME)";
				SWIFT_EMIT_LOC_STRINGS = NO;
				SWIFT_VERSION = 5.0;
				TARGETED_DEVICE_FAMILY = "1,2";
				TEST_HOST = "$(BUILT_PRODUCTS_DIR)/Emoji Dictionary.app/$(BUNDLE_EXECUTABLE_FOLDER_PATH)/Emoji Dictionary";
			};
			name = Release;
		};
		00DA73E22D0EC02A0060743C /* Debug */ = {
			isa = XCBuildConfiguration;
			buildSettings = {
				CODE_SIGN_STYLE = Automatic;
				CURRENT_PROJECT_VERSION = 1;
				GENERATE_INFOPLIST_FILE = YES;
				MARKETING_VERSION = 1.0;
				PRODUCT_BUNDLE_IDENTIFIER = "abuzar.Emoji-DictionaryUITests";
				PRODUCT_NAME = "$(TARGET_NAME)";
				SWIFT_EMIT_LOC_STRINGS = NO;
				SWIFT_VERSION = 5.0;
				TARGETED_DEVICE_FAMILY = "1,2";
				TEST_TARGET_NAME = "Emoji Dictionary";
			};
			name = Debug;
		};
		00DA73E32D0EC02A0060743C /* Release */ = {
			isa = XCBuildConfiguration;
			buildSettings = {
				CODE_SIGN_STYLE = Automatic;
				CURRENT_PROJECT_VERSION = 1;
				GENERATE_INFOPLIST_FILE = YES;
				MARKETING_VERSION = 1.0;
				PRODUCT_BUNDLE_IDENTIFIER = "abuzar.Emoji-DictionaryUITests";
				PRODUCT_NAME = "$(TARGET_NAME)";
				SWIFT_EMIT_LOC_STRINGS = NO;
				SWIFT_VERSION = 5.0;
				TARGETED_DEVICE_FAMILY = "1,2";
				TEST_TARGET_NAME = "Emoji Dictionary";
			};
			name = Release;
		};
/* End XCBuildConfiguration section */

/* Begin XCConfigurationList section */
		00DA73AB2D0EC0280060743C /* Build configuration list for PBXProject "Emoji Dictionary" */ = {
			isa = XCConfigurationList;
			buildConfigurations = (
				00DA73DC2D0EC02A0060743C /* Debug */,
				00DA73DD2D0EC02A0060743C /* Release */,
			);
			defaultConfigurationIsVisible = 0;
			defaultConfigurationName = Release;
		};
		00DA73D92D0EC02A0060743C /* Build configuration list for PBXNativeTarget "Emoji Dictionary" */ = {
			isa = XCConfigurationList;
			buildConfigurations = (
				00DA73DA2D0EC02A0060743C /* Debug */,
				00DA73DB2D0EC02A0060743C /* Release */,
			);
			defaultConfigurationIsVisible = 0;
			defaultConfigurationName = Release;
		};
		00DA73DE2D0EC02A0060743C /* Build configuration list for PBXNativeTarget "Emoji DictionaryTests" */ = {
			isa = XCConfigurationList;
			buildConfigurations = (
				00DA73DF2D0EC02A0060743C /* Debug */,
				00DA73E02D0EC02A0060743C /* Release */,
			);
			defaultConfigurationIsVisible = 0;
			defaultConfigurationName = Release;
		};
		00DA73E12D0EC02A0060743C /* Build configuration list for PBXNativeTarget "Emoji DictionaryUITests" */ = {
			isa = XCConfigurationList;
			buildConfigurations = (
				00DA73E22D0EC02A0060743C /* Debug */,
				00DA73E32D0EC02A0060743C /* Release */,
			);
			defaultConfigurationIsVisible = 0;
			defaultConfigurationName = Release;
		};
/* End XCConfigurationList section */
	};
	rootObject = 00DA73A82D0EC0280060743C /* Project object */;
}
